%{"benchwarmer": {:hex, :benchwarmer, "0.0.2"},
  "con_cache": {:hex, :con_cache, "0.6.1"},
  "conform": {:hex, :conform, "0.11.0"},
  "couchbeam": {:git, "git://github.com/benoitc/couchbeam.git", "a20517d415486dea4185781483361e0188289d85", [tag: "1.1.6"]},
  "couchex": {:git, "git://github.com/ringling/couchex.git", "85b399ff0f0c689242c625bcecf2779c2090ce6d", [tag: "v0.1"]},
  "cowboy": {:hex, :cowboy, "1.0.0"},
  "cowlib": {:hex, :cowlib, "1.0.1"},
  "dotenv": {:hex, :dotenv, "0.0.4"},
  "exactor": {:hex, :exactor, "1.0.0"},
  "exprintf": {:hex, :exprintf, "0.1.5"},
  "exprof": {:hex, :exprof, "0.1.3"},
  "exrm": {:hex, :exrm, "0.14.16"},
  "hackney": {:git, "git://github.com/benoitc/hackney.git", "ea5ba22c89f642ccbe16ddd108fc6cc3488646d1", [tag: "1.0.4"]},
  "httpotion": {:hex, :httpotion, "1.0.0"},
  "ibrowse": {:git, "git://github.com/cmullaparthi/ibrowse.git", "7871e2ebe8811efb64e1917e2de455fa87e8dfe3", [tag: "v4.1.0"]},
  "idna": {:git, "https://github.com/benoitc/erlang-idna", "5089240e653ce254273da9cff57952a60b1d2c51", [tag: "1.0.1"]},
  "jsx": {:git, "git://github.com/talentdeficit/jsx.git", "4d549dd8a990e282c3d57c5f73213674c05ebf07", [tag: "v2.1.1"]},
  "oauth": {:git, "git://github.com/refuge/erlang-oauth.git", "d50a78688b6b489ae0a57799519b88f3b9f81401", [ref: "master"]},
  "phoenix": {:hex, :phoenix, "0.7.2"},
  "plug": {:hex, :plug, "0.9.0"},
  "poison": {:hex, :poison, "1.3.0"},
  "postalex": {:git, "git://github.com/lokalebasen/postalex.git", "0aefc523370c02edaffe80735a8a7fd715db2303", [tag: "v0.1.6"]},
  "ranch": {:hex, :ranch, "1.0.0"},
  "ssl_verify_hostname": {:git, "https://github.com/benoitc/ssl_verify_hostname", "3e7179789603057e3ec1867802c74c7bf6f8528a", [tag: "1.0.0"]}}
